
Microsoft Visual Studio Solution File, Format Version 12.00
# Visual Studio 15
VisualStudioVersion = 15.0.27428.1
MinimumVisualStudioVersion = 10.0.40219.1
Project("{888888A0-9F3D-457C-B088-3A5042F75D52}") = "DownloadService", "DownloadService.pyproj", "{5F635369-E85B-4F36-8DF8-91844BB3D6BA}"
EndProject
Global
	GlobalSection(SolutionConfigurationPlatforms) = preSolution
		Debug|Any CPU = Debug|Any CPU
		Release|Any CPU = Release|Any CPU
	EndGlobalSection
	GlobalSection(ProjectConfigurationPlatforms) = postSolution
		{5F635369-E85B-4F36-8DF8-91844BB3D6BA}.Debug|Any CPU.ActiveCfg = Debug|Any CPU
		{5F635369-E85B-4F36-8DF8-91844BB3D6BA}.Release|Any CPU.ActiveCfg = Release|Any CPU
	EndGlobalSection
	GlobalSection(SolutionProperties) = preSolution
		HideSolutionNode = FALSE
	EndGlobalSection
	GlobalSection(ExtensibilityGlobals) = postSolution
		SolutionGuid = {92E553C6-4484-424A-99E8-05259EB41483}
	EndGlobalSection
EndGlobal
